{
  "name": "phonograph",
  "version": "1.0.0",
  "lockfileVersion": 3,
  "requires": true,
  "packages": {
    "": {
      "name": "phonograph",
      "version": "1.0.0",
      "license": "ISC",
      "dependencies": {
        "phonemizer": "^1.2.1"
      }
    },
    "node_modules/phonemizer": {
      "version": "1.2.1",
      "resolved": "https://registry.npmjs.org/phonemizer/-/phonemizer-1.2.1.tgz",
      "integrity": "sha512-v0KJ4mi2T4Q7eJQ0W15Xd4G9k4kICSXE8bpDeJ8jisL4RyJhNWsweKTOi88QXFc4r4LZlz5jVL5lCHhkpdT71A==",
      "license": "Apache-2.0"
    }
  }
}
